
Microsoft Visual Studio Solution File, Format Version 12.00
# Visual Studio Version 17
VisualStudioVersion = 17.10.34928.147
MinimumVisualStudioVersion = 10.0.40219.1
Project("{FAE04EC0-301F-11D3-BF4B-00C04F79EFBC}") = "Solitaire.Client", "Solitaire.Client\Solitaire.Client.csproj", "{535C0D6E-C8D9-438A-9E53-1FD81FB4F7DF}"
EndProject
Global
	GlobalSection(SolutionConfigurationPlatforms) = preSolution
		Debug|Any CPU = Debug|Any CPU
		Release|Any CPU = Release|Any CPU
	EndGlobalSection
	GlobalSection(ProjectConfigurationPlatforms) = postSolution
		{535C0D6E-C8D9-438A-9E53-1FD81FB4F7DF}.Debug|Any CPU.ActiveCfg = Debug|Any CPU
		{535C0D6E-C8D9-438A-9E53-1FD81FB4F7DF}.Debug|Any CPU.Build.0 = Debug|Any CPU
		{535C0D6E-C8D9-438A-9E53-1FD81FB4F7DF}.Release|Any CPU.ActiveCfg = Release|Any CPU
		{535C0D6E-C8D9-438A-9E53-1FD81FB4F7DF}.Release|Any CPU.Build.0 = Release|Any CPU
	EndGlobalSection
	GlobalSection(SolutionProperties) = preSolution
		HideSolutionNode = FALSE
	EndGlobalSection
	GlobalSection(ExtensibilityGlobals) = postSolution
		SolutionGuid = {DB88DE57-AA82-4864-8B40-75770164E537}
	EndGlobalSection
EndGlobal
